
Microsoft Visual Studio Solution File, Format Version 12.00
# Visual Studio Version 17
VisualStudioVersion = 17.0.32014.148
MinimumVisualStudioVersion = 10.0.40219.1
Project("{FAE04EC0-301F-11D3-BF4B-00C04F79EFBC}") = "Wotch.API.ReverseEngineeringSample", "Wotch.API.ReverseEngineeringSample\Wotch.API.ReverseEngineeringSample.csproj", "{6A545693-0FBD-427F-8FA7-772FFA9D155A}"
EndProject
Global
	GlobalSection(SolutionConfigurationPlatforms) = preSolution
		Debug|Any CPU = Debug|Any CPU
		Release|Any CPU = Release|Any CPU
	EndGlobalSection
	GlobalSection(ProjectConfigurationPlatforms) = postSolution
		{6A545693-0FBD-427F-8FA7-772FFA9D155A}.Debug|Any CPU.ActiveCfg = Debug|Any CPU
		{6A545693-0FBD-427F-8FA7-772FFA9D155A}.Debug|Any CPU.Build.0 = Debug|Any CPU
		{6A545693-0FBD-427F-8FA7-772FFA9D155A}.Release|Any CPU.ActiveCfg = Release|Any CPU
		{6A545693-0FBD-427F-8FA7-772FFA9D155A}.Release|Any CPU.Build.0 = Release|Any CPU
	EndGlobalSection
	GlobalSection(SolutionProperties) = preSolution
		HideSolutionNode = FALSE
	EndGlobalSection
	GlobalSection(ExtensibilityGlobals) = postSolution
		SolutionGuid = {B56363F5-419F-4536-852C-2231CFB1B36E}
	EndGlobalSection
EndGlobal
